
Microsoft Visual Studio Solution File, Format Version 12.00
# Visual Studio Version 16
VisualStudioVersion = 16.0.29806.167
MinimumVisualStudioVersion = 10.0.40219.1
Project("{9A19103F-16F7-4668-BE54-9A1E7A4F7556}") = "ProjectGui", "ProjectGui\ProjectGui.csproj", "{DD0DD4B6-C5AC-4D68-89C6-A65680AB4E71}"
EndProject
Project("{9A19103F-16F7-4668-BE54-9A1E7A4F7556}") = "ProjectApp", "ProjectApp\ProjectApp.csproj", "{C8E19C2A-1AE7-4921-B2A8-98D0DF5DE7B0}"
EndProject
Project("{FAE04EC0-301F-11D3-BF4B-00C04F79EFBC}") = "CodeTests", "CodeTests\CodeTests.csproj", "{4B04D4A9-9431-4E09-8E6B-DC7C3A0F27BB}"
EndProject
Global
	GlobalSection(SolutionConfigurationPlatforms) = preSolution
		Debug|Any CPU = Debug|Any CPU
		Release|Any CPU = Release|Any CPU
	EndGlobalSection
	GlobalSection(ProjectConfigurationPlatforms) = postSolution
		{DD0DD4B6-C5AC-4D68-89C6-A65680AB4E71}.Debug|Any CPU.ActiveCfg = Debug|Any CPU
		{DD0DD4B6-C5AC-4D68-89C6-A65680AB4E71}.Debug|Any CPU.Build.0 = Debug|Any CPU
		{DD0DD4B6-C5AC-4D68-89C6-A65680AB4E71}.Release|Any CPU.ActiveCfg = Release|Any CPU
		{DD0DD4B6-C5AC-4D68-89C6-A65680AB4E71}.Release|Any CPU.Build.0 = Release|Any CPU
		{C8E19C2A-1AE7-4921-B2A8-98D0DF5DE7B0}.Debug|Any CPU.ActiveCfg = Debug|Any CPU
		{C8E19C2A-1AE7-4921-B2A8-98D0DF5DE7B0}.Debug|Any CPU.Build.0 = Debug|Any CPU
		{C8E19C2A-1AE7-4921-B2A8-98D0DF5DE7B0}.Release|Any CPU.ActiveCfg = Release|Any CPU
		{C8E19C2A-1AE7-4921-B2A8-98D0DF5DE7B0}.Release|Any CPU.Build.0 = Release|Any CPU
		{4B04D4A9-9431-4E09-8E6B-DC7C3A0F27BB}.Debug|Any CPU.ActiveCfg = Debug|Any CPU
		{4B04D4A9-9431-4E09-8E6B-DC7C3A0F27BB}.Debug|Any CPU.Build.0 = Debug|Any CPU
		{4B04D4A9-9431-4E09-8E6B-DC7C3A0F27BB}.Release|Any CPU.ActiveCfg = Release|Any CPU
		{4B04D4A9-9431-4E09-8E6B-DC7C3A0F27BB}.Release|Any CPU.Build.0 = Release|Any CPU
	EndGlobalSection
	GlobalSection(SolutionProperties) = preSolution
		HideSolutionNode = FALSE
	EndGlobalSection
	GlobalSection(ExtensibilityGlobals) = postSolution
		SolutionGuid = {7B31FF0D-6FDA-4B82-985D-FE38D031E2C8}
	EndGlobalSection
EndGlobal
